
Microsoft Visual Studio Solution File, Format Version 12.00
# Visual Studio 2013
VisualStudioVersion = 12.0.30723.0
MinimumVisualStudioVersion = 10.0.40219.1
Project("{2150E333-8FDC-42A3-9474-1A3956D46DE8}") = "Solution Items", "Solution Items", "{4E0D4C56-38A1-4D7B-B135-37E3259E12D1}"
	ProjectSection(SolutionItems) = preProject
		C:\USERS\RASHMI_SHASTRI\APPDATA\LOCAL\MICROSOFT\VISUALSTUDIO\12.0\EXTENSIONS\KDLYZA51.NHT\description.html = C:\USERS\RASHMI_SHASTRI\APPDATA\LOCAL\MICROSOFT\VISUALSTUDIO\12.0\EXTENSIONS\KDLYZA51.NHT\description.html
	EndProjectSection
EndProject
Project("{FAE04EC0-301F-11D3-BF4B-00C04F79EFBC}") = "AuthZStatusPOC", "AuthZStatusPOC\AuthZStatusPOC.csproj", "{70FAEC81-BECF-4FF4-BBAC-F109505FD01C}"
EndProject
Global
	GlobalSection(SolutionConfigurationPlatforms) = preSolution
		Debug|Any CPU = Debug|Any CPU
		Release|Any CPU = Release|Any CPU
	EndGlobalSection
	GlobalSection(ProjectConfigurationPlatforms) = postSolution
		{70FAEC81-BECF-4FF4-BBAC-F109505FD01C}.Debug|Any CPU.ActiveCfg = Debug|Any CPU
		{70FAEC81-BECF-4FF4-BBAC-F109505FD01C}.Debug|Any CPU.Build.0 = Debug|Any CPU
		{70FAEC81-BECF-4FF4-BBAC-F109505FD01C}.Release|Any CPU.ActiveCfg = Release|Any CPU
		{70FAEC81-BECF-4FF4-BBAC-F109505FD01C}.Release|Any CPU.Build.0 = Release|Any CPU
	EndGlobalSection
	GlobalSection(SolutionProperties) = preSolution
		HideSolutionNode = FALSE
	EndGlobalSection
EndGlobal
